version: 7
platforms:
- name: linux-64
  virtual-packages:
  - __unix=0=0
  - __linux=4.18
  - __glibc=2.28
  - __archspec=0=x86_64
environments:
  default:
    channels:
    - url: https://conda.anaconda.org/conda-forge/
    packages:
      linux-64:
      - conda: https://conda.anaconda.org/conda-forge/linux-64/_openmp_mutex-4.5-20_gnu.conda
      - conda: https://conda.anaconda.org/conda-forge/linux-64/bzip2-1.0.8-hda65f42_10.conda
      - conda: https://conda.anaconda.org/conda-forge/linux-64/glfw-3.5.1-hb03c661_0.conda
      - conda: https://conda.anaconda.org/conda-forge/linux-64/icu-78.3-py310h44b86e0_2.conda
      - conda: https://conda.anaconda.org/conda-forge/linux-64/ld_impl_linux-64-2.46.1-default_hbd61a6d_102.conda
      - conda: https://conda.anaconda.org/conda-forge/linux-64/libabseil-20260107.1-cxx17_h7b12aa8_0.conda
      - conda: https://conda.anaconda.org/conda-forge/linux-64/libblas-3.11.0-11_h4a7cf45_openblas.conda
      - conda: https://conda.anaconda.org/conda-forge/linux-64/libcblas-3.11.0-11_h0358290_openblas.conda
      - conda: https://conda.anaconda.org/conda-forge/linux-64/libccd-double-2.1-h59595ed_3.conda
      - conda: https://conda.anaconda.org/conda-forge/linux-64/libexpat-2.8.4-hd2095e1_0.conda
      - conda: https://conda.anaconda.org/conda-forge/linux-64/libffi-3.7.0-h81df57d_1.conda
      - conda: https://conda.anaconda.org/conda-forge/linux-64/libgcc-16.2.0-ha9f2e26_5.conda
      - conda: https://conda.anaconda.org/conda-forge/linux-64/libgcc-ng-16.2.0-h69a702a_5.conda
      - conda: https://conda.anaconda.org/conda-forge/linux-64/libgfortran-16.2.0-h69a702a_5.conda
      - conda: https://conda.anaconda.org/conda-forge/linux-64/libgfortran5-16.2.0-h6b99dfc_5.conda
      - conda: https://conda.anaconda.org/conda-forge/linux-64/libgl-1.7.0-ha4b6fd6_5.conda
      - conda: https://conda.anaconda.org/conda-forge/linux-64/libgl-devel-1.7.0-ha4b6fd6_5.conda
      - conda: https://conda.anaconda.org/conda-forge/linux-64/libglvnd-1.7.0-ha4b6fd6_5.conda
      - conda: https://conda.anaconda.org/conda-forge/linux-64/libglx-1.7.0-ha4b6fd6_5.conda
      - conda: https://conda.anaconda.org/conda-forge/linux-64/libglx-devel-1.7.0-ha4b6fd6_5.conda
      - conda: https://conda.anaconda.org/conda-forge/linux-64/libgomp-16.2.0-he0feb66_5.conda
      - conda: https://conda.anaconda.org/conda-forge/linux-64/libiconv-1.18-h0cb94f2_3.conda
      - conda: https://conda.anaconda.org/conda-forge/linux-64/liblapack-3.11.0-11_h47877c9_openblas.conda
      - conda: https://conda.anaconda.org/conda-forge/linux-64/liblzma-5.8.3-hb03c661_1.conda
      - conda: https://conda.anaconda.org/conda-forge/linux-64/libmujoco-3.12.0-h41d7495_0.conda
      - conda: https://conda.anaconda.org/conda-forge/linux-64/libnsl-2.0.1-hb9d3cd8_1.conda
      - conda: https://conda.anaconda.org/conda-forge/linux-64/libopenblas-0.3.34-pthreads_hf13c14d_2.conda
      - conda: https://conda.anaconda.org/conda-forge/linux-64/libopengl-1.7.0-ha4b6fd6_5.conda
      - conda: https://conda.anaconda.org/conda-forge/linux-64/libopengl-devel-1.7.0-ha4b6fd6_5.conda
      - conda: https://conda.anaconda.org/conda-forge/linux-64/libpython-3.12.14-h0c77377_3_cpython.conda
      - conda: https://conda.anaconda.org/conda-forge/linux-64/libsqlite-3.53.4-h13e7031_1.conda
      - conda: https://conda.anaconda.org/conda-forge/linux-64/libstdcxx-16.2.0-h934c35e_5.conda
      - conda: https://conda.anaconda.org/conda-forge/linux-64/libstdcxx-ng-16.2.0-hdf11a46_5.conda
      - conda: https://conda.anaconda.org/conda-forge/linux-64/libtinyobjloader-2.0.0rc13-h54a6638_1.conda
      - conda: https://conda.anaconda.org/conda-forge/linux-64/libuuid-2.42.4-hcfc3c73_0.conda
      - conda: https://conda.anaconda.org/conda-forge/linux-64/libxcb-1.17.0-hb83e432_2.conda
      - conda: https://conda.anaconda.org/conda-forge/linux-64/libxcrypt-4.4.38-h280c20c_0.conda
      - conda: https://conda.anaconda.org/conda-forge/linux-64/libxkbcommon-1.13.2-h51789e4_1.conda
      - conda: https://conda.anaconda.org/conda-forge/linux-64/libxml2-16-2.15.4-hf3af7cc_0.conda
      - conda: https://conda.anaconda.org/conda-forge/linux-64/libxml2-2.15.4-h7df9aa5_0.conda
      - conda: https://conda.anaconda.org/conda-forge/linux-64/libzlib-1.3.2-h25fd6f3_3.conda
      - conda: https://conda.anaconda.org/conda-forge/linux-64/lodepng-20220109-h924138e_0.tar.bz2
      - conda: https://conda.anaconda.org/conda-forge/linux-64/mujoco-3.12.0-h5e81270_0.conda
      - conda: https://conda.anaconda.org/conda-forge/linux-64/mujoco-python-3.12.0-np2py312he85fa77_0.conda
      - conda: https://conda.anaconda.org/conda-forge/linux-64/mujoco-samples-3.12.0-h13ecb8d_0.conda
      - conda: https://conda.anaconda.org/conda-forge/linux-64/mujoco-simulate-3.12.0-h3b3f10f_0.conda
      - conda: https://conda.anaconda.org/conda-forge/linux-64/ncurses-6.6-hdb14827_1.conda
      - conda: https://conda.anaconda.org/conda-forge/linux-64/numpy-2.5.3-py312he827f4e_0.conda
      - conda: https://conda.anaconda.org/conda-forge/linux-64/openssl-3.6.4-h781a0a9_0.conda
      - conda: https://conda.anaconda.org/conda-forge/linux-64/pthread-stubs-0.4-h7cc23a3_1004.conda
      - conda: https://conda.anaconda.org/conda-forge/linux-64/python-3.12.14-h5f976f7_3_cpython.conda
      - conda: https://conda.anaconda.org/conda-forge/linux-64/qhull-2020.2-h434a139_5.conda
      - conda: https://conda.anaconda.org/conda-forge/linux-64/readline-8.3-hd6e31c0_1.conda
      - conda: https://conda.anaconda.org/conda-forge/linux-64/tinyxml2-11.0.0-hee9eb32_1.conda
      - conda: https://conda.anaconda.org/conda-forge/linux-64/tk-8.6.13-noxft_h1df4ec4_4.conda
      - conda: https://conda.anaconda.org/conda-forge/linux-64/wayland-1.26.0-hc1c935e_2.conda
      - conda: https://conda.anaconda.org/conda-forge/linux-64/xkeyboard-config-2.48-h280c20c_0.conda
      - conda: https://conda.anaconda.org/conda-forge/linux-64/xorg-libx11-1.8.13-he1eb515_1.conda
      - conda: https://conda.anaconda.org/conda-forge/linux-64/xorg-libxau-1.0.12-h7cc23a3_2.conda
      - conda: https://conda.anaconda.org/conda-forge/linux-64/xorg-libxcursor-1.2.3-hb9d3cd8_0.conda
      - conda: https://conda.anaconda.org/conda-forge/linux-64/xorg-libxdmcp-1.1.5-h7cc23a3_2.conda
      - conda: https://conda.anaconda.org/conda-forge/linux-64/xorg-libxext-1.3.7-h7cc23a3_1.conda
      - conda: https://conda.anaconda.org/conda-forge/linux-64/xorg-libxfixes-6.0.2-h7cc23a3_1.conda
      - conda: https://conda.anaconda.org/conda-forge/linux-64/xorg-libxi-1.8.3-h7cc23a3_1.conda
      - conda: https://conda.anaconda.org/conda-forge/linux-64/xorg-libxinerama-1.1.6-hecca717_0.conda
      - conda: https://conda.anaconda.org/conda-forge/linux-64/xorg-libxrandr-1.5.5-h7cc23a3_1.conda
      - conda: https://conda.anaconda.org/conda-forge/linux-64/xorg-libxrender-0.9.12-hb03c661_1.conda
      - conda: https://conda.anaconda.org/conda-forge/linux-64/xorg-xorgproto-2025.1-hebe6cf0_3.conda
      - conda: https://conda.anaconda.org/conda-forge/linux-64/zstd-1.5.7-hb78ec9c_7.conda
      - conda: https://conda.anaconda.org/conda-forge/noarch/absl-py-2.5.0-pyhd8ed1ab_0.conda
      - conda: https://conda.anaconda.org/conda-forge/noarch/ca-certificates-2026.7.22-hbd8a1cb_0.conda
      - conda: https://conda.anaconda.org/conda-forge/noarch/etils-1.13.0-pyhd8ed1ab_0.conda
      - conda: https://conda.anaconda.org/conda-forge/noarch/fsspec-2026.7.0-pyhd8ed1ab_0.conda
      - conda: https://conda.anaconda.org/conda-forge/noarch/importlib_resources-7.1.0-pyhd8ed1ab_0.conda
      - conda: https://conda.anaconda.org/conda-forge/noarch/pybind11-abi-11-hc364b38_1.conda
      - conda: https://conda.anaconda.org/conda-forge/noarch/pyglfw-2.10.2-pyha770c72_0.conda
      - conda: https://conda.anaconda.org/conda-forge/noarch/pyopengl-3.1.10-pyha804496_2.conda
      - conda: https://conda.anaconda.org/conda-forge/noarch/python_abi-3.12-9_cp312.conda
      - conda: https://conda.anaconda.org/conda-forge/noarch/typing_extensions-4.16.0-pyhcf101f3_0.conda
      - conda: https://conda.anaconda.org/conda-forge/noarch/tzdata-2026c-h151e31d_0.conda
      - conda: https://conda.anaconda.org/conda-forge/noarch/zipp-4.1.0-pyhcf101f3_0.conda
packages:
- conda: https://conda.anaconda.org/conda-forge/linux-64/_openmp_mutex-4.5-20_gnu.conda
  build_number: 20
  sha256: 1dd3fffd892081df9726d7eb7e0dea6198962ba775bd88842135a4ddb4deb3c9
  md5: a9f577daf3de00bca7c3c76c0ecbd1de
  depends:
  - __glibc >=2.17,<3.0.a0
  - libgomp >=7.5.0
  constrains:
  - openmp_impl <0.0a0
  license: BSD-3-Clause
  license_family: BSD
  size: 28948
  timestamp: 1770939786096
- conda: https://conda.anaconda.org/conda-forge/linux-64/bzip2-1.0.8-hda65f42_10.conda
  sha256: 1a0d382c515ebf55f8ee1f38c8b81bc95af5c2acc42ad53b66bc5df932032f96
  md5: e675fabcf81499adc7edf58124fb1e01
  depends:
  - __glibc >=2.17,<3.0.a0
  - libgcc >=14
  license: bzip2-1.0.6
  license_family: BSD
  size: 257808
  timestamp: 1785906269155
- conda: https://conda.anaconda.org/conda-forge/linux-64/glfw-3.5.1-hb03c661_0.conda
  sha256: 2f46b0709d5122b37d65a039ad66ff9c756c31341a83ba216a3049700921b2b4
  md5: 0508b01775886f89c7dbf9747a9d8b8f
  depends:
  - __glibc >=2.17,<3.0.a0
  - libgcc >=14
  - libxkbcommon >=1.13.2,<2.0a0
  - wayland >=1.26.0,<2.0a0
  - xorg-libx11 >=1.8.13,<2.0a0
  - xorg-libxcursor >=1.2.3,<2.0a0
  - xorg-libxi >=1.8.3,<2.0a0
  - xorg-libxinerama >=1.1.6,<1.2.0a0
  - xorg-libxrandr >=1.5.5,<2.0a0
  license: Zlib
  size: 171191
  timestamp: 1785586436676
- conda: https://conda.anaconda.org/conda-forge/linux-64/icu-78.3-py310h44b86e0_2.conda
  sha256: 9f07834f0c546ab14d885ce0366285f61f44e326c0edd1fc63b8294e113ae432
  md5: 72a381cbad04f24b1c2a43ef707f45b4
  depends:
  - __glibc >=2.17,<3.0.a0
  - libstdcxx >=14
  - libgcc >=14
  license: MIT
  license_family: MIT
  size: 14459115
  timestamp: 1786545741408
- conda: https://conda.anaconda.org/conda-forge/linux-64/ld_impl_linux-64-2.46.1-default_hbd61a6d_102.conda
  sha256: 27d83f1188cd19bcb7754a078b3fa7f4cfb8527f8eb2fde54dd01fc529d1adec
  md5: 449500f2c089da11c40f5c21312e3e07
  depends:
  - __glibc >=2.17,<3.0.a0
  - zstd >=1.5.7,<1.6.0a0
  constrains:
  - binutils_impl_linux-64 2.46.1
  license: GPL-3.0-only
  license_family: GPL
  size: 745303
  timestamp: 1784214507189
- conda: https://conda.anaconda.org/conda-forge/linux-64/libabseil-20260107.1-cxx17_h7b12aa8_0.conda
  sha256: a7a4481a4d217a3eadea0ec489826a69070fcc3153f00443aa491ed21527d239
  md5: 6f7b4302263347698fd24565fbf11310
  depends:
  - __glibc >=2.17,<3.0.a0
  - libgcc >=14
  - libstdcxx >=14
  constrains:
  - libabseil-static =20260107.1=cxx17*
  - abseil-cpp =20260107.1
  license: Apache-2.0
  license_family: Apache
  size: 1384817
  timestamp: 1770863194876
- conda: https://conda.anaconda.org/conda-forge/linux-64/libblas-3.11.0-11_h4a7cf45_openblas.conda
  build_number: 11
  sha256: d942e0c820d60a613a6f786d074f0820fb6343e3f1ccfb110b1d98b44fb75968
  md5: b8cce1486f3c62f33291d6318c193d0d
  depends:
  - libopenblas >=0.3.34,<0.3.35.0a0
  - libopenblas >=0.3.34,<1.0a0
  constrains:
  - blas 2.311   openblas
  - libcblas   3.11.0   11*_openblas
  - liblapack  3.11.0   11*_openblas
  - liblapacke 3.11.0   11*_openblas
  - mkl <2027
  license: BSD-3-Clause
  license_family: BSD
  size: 18246
  timestamp: 1789061062982
- conda: https://conda.anaconda.org/conda-forge/linux-64/libcblas-3.11.0-11_h0358290_openblas.conda
  build_number: 11
  sha256: f7d1bbdea61cf94ba219d17b2cb571a29830f8025385af799bff5a7ad1ef45e6
  md5: 73a248c30811075059b5aeda766c2624
  depends:
  - libblas 3.11.0 11_h4a7cf45_openblas
  constrains:
  - blas 2.311   openblas
  - liblapack  3.11.0   11*_openblas
  - liblapacke 3.11.0   11*_openblas
  license: BSD-3-Clause
  license_family: BSD
  size: 18196
  timestamp: 1789061068819
- conda: https://conda.anaconda.org/conda-forge/linux-64/libccd-double-2.1-h59595ed_3.conda
  sha256: 4695ce68eda595b4f53146bea1096a9f2e0d33290618ba83a246b5ed8871ebc9
  md5: 6a3d962d34385e0a511b859d679f6ea2
  depends:
  - libgcc-ng >=12
  - libstdcxx-ng >=12
  constrains:
  - libccd <1
  license: BSD-3-Clause
  license_family: BSD
  size: 36171
  timestamp: 1687341825064
- conda: https://conda.anaconda.org/conda-forge/linux-64/libexpat-2.8.4-hd2095e1_0.conda
  sha256: 2f5e90b621f7bf64c35d5c972bd85a645555d82404130569149a129dcbc8b8dd
  md5: a77b44d6cbaad97f3ad050ab35fad55a
  depends:
  - __glibc >=2.17,<3.0.a0
  - libgcc >=15
  constrains:
  - expat 2.8.4.*
  license: MIT
  license_family: MIT
  size: 77595
  timestamp: 1790073019208
- conda: https://conda.anaconda.org/conda-forge/linux-64/libffi-3.7.0-h81df57d_1.conda
  sha256: c8c7583ef063bc3c430f1d48298e5ad24f796a35c22ed5b14183325825a61106
  md5: 6525a0b06aa4fd390795f0740636a9dd
  depends:
  - __glibc >=2.17,<3.0.a0
  - libgcc >=15
  license: MIT
  license_family: MIT
  size: 68004
  timestamp: 1787753412298
- conda: https://conda.anaconda.org/conda-forge/linux-64/libgcc-16.2.0-ha9f2e26_5.conda
  sha256: 33d1b5d57c5a55a474330c5ec41fe7001a5aa600d9639389e8ce5edafae216a4
  md5: 3b62b92f0f082b67c59618ebf07617a7
  depends:
  - __glibc >=2.17,<3.0.a0
  - _openmp_mutex >=4.5
  constrains:
  - libgcc-ng ==16.2.0=*_5
  - libgomp 16.2.0 he0feb66_5
  license: GPL-3.0-only WITH GCC-exception-3.1
  license_family: GPL
  size: 1057064
  timestamp: 1789485807107
- conda: https://conda.anaconda.org/conda-forge/linux-64/libgcc-ng-16.2.0-h69a702a_5.conda
  sha256: d298972e17697a5e96806d5f2c151c53efd0afa0ef10db5d6757a5b186817219
  md5: e7c34906139296448e3554fafa3dbec2
  depends:
  - libgcc 16.2.0 ha9f2e26_5
  license: GPL-3.0-only WITH GCC-exception-3.1
  license_family: GPL
  size: 28535
  timestamp: 1789485811332
- conda: https://conda.anaconda.org/conda-forge/linux-64/libgfortran-16.2.0-h69a702a_5.conda
  sha256: 7e694578cbabd46251d7a069d89da6479c5edd962d78bbc66a847c1b722a8365
  md5: 34ddf93e56ee44924ce76a614e5fb379
  depends:
  - libgfortran5 16.2.0 h6b99dfc_5
  constrains:
  - libgfortran-ng ==16.2.0=*_5
  license: GPL-3.0-only WITH GCC-exception-3.1
  license_family: GPL
  size: 28520
  timestamp: 1789485833036
- conda: https://conda.anaconda.org/conda-forge/linux-64/libgfortran5-16.2.0-h6b99dfc_5.conda
  sha256: cc767363e3148a18d3a3015eeaed722bbf8ca0acc3a29157df2965e97caa9803
  md5: a7eb3f9540094247ec8a2fa800cf9bbf
  depends:
  - __glibc >=2.17,<3.0.a0
  - libgcc >=16.2.0
  constrains:
  - libgfortran 16.2.0
  license: GPL-3.0-only WITH GCC-exception-3.1
  license_family: GPL
  size: 2528103
  timestamp: 1789485817694
- conda: https://conda.anaconda.org/conda-forge/linux-64/libgl-1.7.0-ha4b6fd6_5.conda
  sha256: 7b2e7e31e8a4f5a01c45ecadcd8aa68c8f733b035240bc7ba9881835ef4bf7b4
  md5: 81141db127a106eb5a91df69a29c9918
  depends:
  - __glibc >=2.17,<3.0.a0
  - libglvnd 1.7.0 ha4b6fd6_5
  - libglx 1.7.0 ha4b6fd6_5
  license: LicenseRef-libglvnd
  size: 131988
  timestamp: 1787310049847
- conda: https://conda.anaconda.org/conda-forge/linux-64/libgl-devel-1.7.0-ha4b6fd6_5.conda
  sha256: 3bebdbeb3ce451287794dddd5cc4d7f4970aac200b2fb797f0d17ac727a71cb7
  md5: f5f7fc038c611a25b22758c0a40d25c9
  depends:
  - __glibc >=2.17,<3.0.a0
  - libgl 1.7.0 ha4b6fd6_5
  - libglx-devel 1.7.0 ha4b6fd6_5
  license: LicenseRef-libglvnd
  size: 116212
  timestamp: 1787310061570
- conda: https://conda.anaconda.org/conda-forge/linux-64/libglvnd-1.7.0-ha4b6fd6_5.conda
  sha256: 6eb77601a44b78c4631d886d54ef54f321c2bdc69fdefc4065a1e0491f030c76
  md5: cfcf11edcfd4acf0094771a9c3b8587f
  depends:
  - __glibc >=2.17,<3.0.a0
  license: LicenseRef-libglvnd
  size: 133827
  timestamp: 1787310026653
- conda: https://conda.anaconda.org/conda-forge/linux-64/libglx-1.7.0-ha4b6fd6_5.conda
  sha256: d1f0d51aea6bcc5d915969cbed32e72a8ed6a95931b87357ef8d0866573688c4
  md5: 614e10aae180f87b84f0d1ca8ceb7d9e
  depends:
  - __glibc >=2.17,<3.0.a0
  - libglvnd 1.7.0 ha4b6fd6_5
  - xorg-libx11 >=1.8.13,<2.0a0
  license: LicenseRef-libglvnd
  size: 79834
  timestamp: 1787310042550
- conda: https://conda.anaconda.org/conda-forge/linux-64/libglx-devel-1.7.0-ha4b6fd6_5.conda
  sha256: aff3841e3404d78e1887fef988ca4842930c577399d566fa0980808756b1df51
  md5: fb00b4fb800f2d431303a5c1625ef9d0
  depends:
  - __glibc >=2.17,<3.0.a0
  - libglx 1.7.0 ha4b6fd6_5
  - xorg-libx11 >=1.8.13,<2.0a0
  - xorg-xorgproto
  license: LicenseRef-libglvnd
  size: 27698
  timestamp: 1787310053582
- conda: https://conda.anaconda.org/conda-forge/linux-64/libgomp-16.2.0-he0feb66_5.conda
  sha256: 224a5a09e258a1a257089a9af310e9336e1d36834959718a9fab8679742dd822
  md5: af44890f8a2beefd3a83805a59a65014
  depends:
  - __glibc >=2.17,<3.0.a0
  license: GPL-3.0-only WITH GCC-exception-3.1
  license_family: GPL
  size: 641644
  timestamp: 1789485759120
- conda: https://conda.anaconda.org/conda-forge/linux-64/libiconv-1.18-h0cb94f2_3.conda
  sha256: f943117edb9cd4d9c61cc972eee5a34291dc55ea7a6e9e38da104995841cbcb6
  md5: f92233bf33e24a25668bb2119e2c51f9
  depends:
  - __glibc >=2.17,<3.0.a0
  - libgcc >=15
  license: LGPL-2.1-only
  size: 789471
  timestamp: 1787033836207
- conda: https://conda.anaconda.org/conda-forge/linux-64/liblapack-3.11.0-11_h47877c9_openblas.conda
  build_number: 11
  sha256: 1ad3f43c9319ef398a8ef45989f4903a06e3965b51e77fc669a4c894168a8411
  md5: 5622a13917855ce4b953b9e655cf9262
  depends:
  - libblas 3.11.0 11_h4a7cf45_openblas
  constrains:
  - blas 2.311   openblas
  - libcblas   3.11.0   11*_openblas
  - liblapacke 3.11.0   11*_openblas
  license: BSD-3-Clause
  license_family: BSD
  size: 18227
  timestamp: 1789061073957
- conda: https://conda.anaconda.org/conda-forge/linux-64/liblzma-5.8.3-hb03c661_1.conda
  sha256: 9787df8c22a59c9a70d3e5a10db9ad663485e75e9ccc3f09bd092cb7b95e0dab
  md5: 1390b7c5ac0b1d8e447bc5efa6d3c8c2
  depends:
  - __glibc >=2.17,<3.0.a0
  - libgcc >=14
  constrains:
  - xz 5.8.3.*
  license: 0BSD
  size: 112995
  timestamp: 1786348617826
- conda: https://conda.anaconda.org/conda-forge/linux-64/libmujoco-3.12.0-h41d7495_0.conda
  sha256: 802922c0f63815697357ea59a7b17b5ef49c4343a6fc3ddf7d60da62cbca22b4
  md5: 3c31b7efe2294dc98d78c3a0bf3e7b12
  depends:
  - libgl-devel
  - libstdcxx >=15
  - libgcc >=15
  - __glibc >=2.17,<3.0.a0
  - tinyxml2 >=11.0.0,<11.1.0a0
  - libgl >=1.7.0,<2.0a0
  - libtinyobjloader ==2.0.0rc13
  - qhull >=2020.2,<2020.3.0a0
  - lodepng >=20220109,<20220110.0a0
  - libccd-double >=2.1,<2.2.0a0
  - glfw >=3.5.1,<4.0a0
  constrains:
  - mujoco-cxx <0
  license: Apache-2.0
  license_family: APACHE
  size: 11399417
  timestamp: 1787309970289
- conda: https://conda.anaconda.org/conda-forge/linux-64/libnsl-2.0.1-hb9d3cd8_1.conda
  sha256: 927fe72b054277cde6cb82597d0fcf6baf127dcbce2e0a9d8925a68f1265eef5
  md5: d864d34357c3b65a4b731f78c0801dc4
  depends:
  - __glibc >=2.17,<3.0.a0
  - libgcc >=13
  license: LGPL-2.1-only
  license_family: GPL
  size: 33731
  timestamp: 1750274110928
- conda: https://conda.anaconda.org/conda-forge/linux-64/libopenblas-0.3.34-pthreads_hf13c14d_2.conda
  sha256: 69a722751e14eab2eb3bfdcb9acb1187afbd962b0c49b48d829341e0f6787f60
  md5: 7e19fcd73d7f0997d3cb3326d2586a86
  depends:
  - libgfortran5 >=15.3.0
  - libgfortran
  - libgcc >=15
  - __glibc >=2.17,<3.0.a0
  constrains:
  - openblas >=0.3.34,<0.3.35.0a0
  license: BSD-3-Clause
  license_family: BSD
  size: 6845411
  timestamp: 1789141490688
- conda: https://conda.anaconda.org/conda-forge/linux-64/libopengl-1.7.0-ha4b6fd6_5.conda
  sha256: 7bdca717c840e17d7dd050f925dd964da61086c2612b8579a4ff4147105f291f
  md5: d207a2e9bae9da476bc0a603215d5167
  depends:
  - __glibc >=2.17,<3.0.a0
  - libglvnd 1.7.0 ha4b6fd6_5
  license: LicenseRef-libglvnd
  size: 50627
  timestamp: 1787310045795
- conda: https://conda.anaconda.org/conda-forge/linux-64/libopengl-devel-1.7.0-ha4b6fd6_5.conda
  sha256: 33b7e81b22fd424c3d8ca2fa25941549ef29917dd73f9fe28cea5ae4681f1c9c
  md5: 1f14643f3050957c6c44618c5f72054b
  depends:
  - __glibc >=2.17,<3.0.a0
  - libopengl 1.7.0 ha4b6fd6_5
  license: LicenseRef-libglvnd
  size: 16206
  timestamp: 1787310057494
- conda: https://conda.anaconda.org/conda-forge/linux-64/libpython-3.12.14-h0c77377_3_cpython.conda
  build_number: 3
  sha256: 6be16a4906d83eb8e9e04375d524f339f426a847cffd294f1ceb0611988dc17a
  md5: d247b7632f09324c11f24b5270361385
  depends:
  - __glibc >=2.17,<3.0.a0
  - libgcc >=15
  - libstdcxx >=15
  license: Python-2.0
  size: 8770625
  timestamp: 1788392466381
- conda: https://conda.anaconda.org/conda-forge/linux-64/libsqlite-3.53.4-h13e7031_1.conda
  sha256: f20d70da54e5b31dd4a51fb1efeaafafd5ab6dd8d7ac9d1438eaa2526ac4ed3d
  md5: e72bbec309c2b0f37823ee7d4fabfcd3
  depends:
  - __glibc >=2.17,<3.0.a0
  - icu >=78.3,<79.0a0
  - libgcc >=15
  - libzlib >=1.3.2,<2.0a0
  license: blessing
  size: 974348
  timestamp: 1787051145557
- conda: https://conda.anaconda.org/conda-forge/linux-64/libstdcxx-16.2.0-h934c35e_5.conda
  sha256: 38cadde30fad8f7c101f9eec79f60bf03fc99310c7195d23f8b30832516d666f
  md5: 75b43a2912a0354204696708e4f34b8d
  depends:
  - __glibc >=2.17,<3.0.a0
  - libgcc 16.2.0 ha9f2e26_5
  constrains:
  - libstdcxx-ng ==16.2.0=*_5
  license: GPL-3.0-only WITH GCC-exception-3.1
  license_family: GPL
  size: 6618916
  timestamp: 1789485826390
- conda: https://conda.anaconda.org/conda-forge/linux-64/libstdcxx-ng-16.2.0-hdf11a46_5.conda
  sha256: 855cee8f4b7abe06dc5918a66e0009492964926d5f5d6a033438dd6cab4e91e4
  md5: c37fb00cb15b16cf1601914d68a509ea
  depends:
  - libstdcxx 16.2.0 h934c35e_5
  license: GPL-3.0-only WITH GCC-exception-3.1
  license_family: GPL
  size: 28561
  timestamp: 1789485853984
- conda: https://conda.anaconda.org/conda-forge/linux-64/libtinyobjloader-2.0.0rc13-h54a6638_1.conda
  sha256: 2cf1250f6f0bdd18aa306409a603773c7fa1fa0420256146069d90cdbf1166b6
  md5: e917f96a823429dadffd61e949221333
  depends:
  - libstdcxx >=14
  - libgcc >=14
  - __glibc >=2.17,<3.0.a0
  license: MIT
  license_family: MIT
  size: 95820
  timestamp: 1773673273941
- conda: https://conda.anaconda.org/conda-forge/linux-64/libuuid-2.42.4-hcfc3c73_0.conda
  sha256: f34b8d1de9a2bf62476d8608057d9b8a918d97444236dc53a47128f2fae79041
  md5: 54a948337e66706380ff24d6b5fde63f
  depends:
  - libgcc >=15
  - __glibc >=2.17,<3.0.a0
  license: BSD-3-Clause
  size: 34442
  timestamp: 1790121449161
- conda: https://conda.anaconda.org/conda-forge/linux-64/libxcb-1.17.0-hb83e432_2.conda
  sha256: 7b49e6fd2a584b7f072943e6adf4149677af5121246975278804782d37752837
  md5: 61f0ffba9161cbb3a77722869b21e4bb
  depends:
  - __glibc >=2.17,<3.0.a0
  - libgcc >=15
  - pthread-stubs
  - xorg-libxau >=1.0.12,<2.0a0
  - xorg-libxdmcp >=1.1.5,<2.0a0
  license: MIT
  license_family: MIT
  size: 395120
  timestamp: 1787885788278
- conda: https://conda.anaconda.org/conda-forge/linux-64/libxcrypt-4.4.38-h280c20c_0.conda
  sha256: f7e9292dd219a6435bbb1223da9586c3e70d66d169c5a92f08db3f2127df04e9
  md5: f7a7ff5a6ab331e037abd34f379a631d
  depends:
  - libgcc >=14
  - __glibc >=2.17,<3.0.a0
  license: LGPL-2.1-or-later
  size: 101957
  timestamp: 1785887123445
- conda: https://conda.anaconda.org/conda-forge/linux-64/libxkbcommon-1.13.2-h51789e4_1.conda
  sha256: d44878d396713ccf3b355df617f61c40a1442fffcf134392bc6ce0e6c2219369
  md5: f888787e0eab7a8076a67d197e155ffc
  depends:
  - xkeyboard-config
  - libstdcxx >=14
  - libgcc >=14
  - __glibc >=2.17,<3.0.a0
  - libxcb >=1.17.0,<2.0a0
  - xorg-libxau >=1.0.12,<2.0a0
  - libxml2
  - libxml2-16 >=2.14.6
  license: MIT AND MIT-open-group AND HPND AND HPND-sell-variant AND ISC
  size: 942571
  timestamp: 1787178780572
- conda: https://conda.anaconda.org/conda-forge/linux-64/libxml2-16-2.15.4-hf3af7cc_0.conda
  sha256: 9a1685c8d8b8488cd7882a9cd6e673e687211ca763ebbcd1e91b6f594eeadc45
  md5: b7545c57a73a51d72aa6eee5695cf051
  depends:
  - __glibc >=2.17,<3.0.a0
  - icu >=78.3,<79.0a0
  - libgcc >=15
  - libiconv >=1.18,<2.0a0
  - liblzma >=5.8.3,<6.0a0
  - libzlib >=1.3.2,<2.0a0
  constrains:
  - libxml2 2.15.4
  license: MIT
  license_family: MIT
  size: 569196
  timestamp: 1788635197456
- conda: https://conda.anaconda.org/conda-forge/linux-64/libxml2-2.15.4-h7df9aa5_0.conda
  sha256: 053d85821ce5e36b7ce03faea5930382f6af695df9e2cd68e5d8d273072d1551
  md5: ea192d1ef556bf1d55de4acb8c0f5b65
  depends:
  - __glibc >=2.17,<3.0.a0
  - icu >=78.3,<79.0a0
  - libgcc >=15
  - libiconv >=1.18,<2.0a0
  - liblzma >=5.8.3,<6.0a0
  - libxml2-16 2.15.4 hf3af7cc_0
  - libzlib >=1.3.2,<2.0a0
  license: MIT
  license_family: MIT
  size: 47077
  timestamp: 1788635202698
- conda: https://conda.anaconda.org/conda-forge/linux-64/libzlib-1.3.2-h25fd6f3_3.conda
  sha256: eb8a0db0aa570124f7d2a93d7c7f596e3390df5e047818d873baad32985fc736
  md5: 0de0122d9570a8ab637c6b73db268389
  depends:
  - __glibc >=2.17,<3.0.a0
  constrains:
  - zlib 1.3.2 *_3
  license: Zlib
  license_family: Other
  size: 63713
  timestamp: 1785362952714
- conda: https://conda.anaconda.org/conda-forge/linux-64/lodepng-20220109-h924138e_0.tar.bz2
  sha256: 31f9bf8dfa2a6f1eb1c47e48e57b7a2b0ef25d0df18741cc3e4abd0fe076bb1d
  md5: 6d6c59898d7a764ff90bb1147e234056
  depends:
  - libgcc-ng >=12
  - libstdcxx-ng >=12
  license: Zlib
  size: 102103
  timestamp: 1654538581172
- conda: https://conda.anaconda.org/conda-forge/linux-64/mujoco-3.12.0-h5e81270_0.conda
  sha256: 773d93e7eb4f29add17d0c424d3b0f91699b35a9b0f455a822984cfb31c8ab6e
  md5: 93d7e6bff1c267aca6d0e7b1da25d8ad
  depends:
  - libmujoco ==3.12.0 h41d7495_0
  - mujoco-samples ==3.12.0 h13ecb8d_0
  - mujoco-simulate ==3.12.0 h3b3f10f_0
  - mujoco-python >=3.12.0,<3.12.1.0a0
  license: Apache-2.0
  license_family: APACHE
  size: 18381
  timestamp: 1787309970289
- conda: https://conda.anaconda.org/conda-forge/linux-64/mujoco-python-3.12.0-np2py312he85fa77_0.conda
  sha256: 6b2f5f085efbd353a6311a7e3afa14e3a9c74f653b633db54fa0d220de664797
  md5: c96ffa38806782e3be674333929b55cc
  depends:
  - libmujoco ==3.12.0 h41d7495_0
  - python
  - numpy
  - absl-py
  - pyglfw
  - pyopengl
  - etils
  - fsspec
  - importlib_resources
  - typing_extensions
  - zipp
  - __glibc >=2.17,<3.0.a0
  - libstdcxx >=15
  - libgcc >=15
  - libabseil >=20260107.1,<20260108.0a0
  - libabseil * cxx17*
  - libgl >=1.7.0,<2.0a0
  - libmujoco >=3.12.0,<3.12.1.0a0
  - lodepng >=20220109,<20220110.0a0
  - pybind11-abi ==11
  - numpy >=1.25,<3
  - glfw >=3.5.1,<4.0a0
  - python_abi 3.12.* *_cp312
  license: Apache-2.0
  license_family: APACHE
  size: 3442636
  timestamp: 1787309970289
- conda: https://conda.anaconda.org/conda-forge/linux-64/mujoco-samples-3.12.0-h13ecb8d_0.conda
  sha256: 9cce4349940b57ec4b632aa9dae314fc58abfc6537fab79e7b247b6cd754c0d9
  md5: dfd701847f738a35bdf96fd0dc6e21f6
  depends:
  - libmujoco >=3.12.0,<3.12.1.0a0
  - libstdcxx >=15
  - libgcc >=15
  - __glibc >=2.17,<3.0.a0
  - libgl >=1.7.0,<2.0a0
  - glfw >=3.5.1,<4.0a0
  license: Apache-2.0
  license_family: APACHE
  size: 60856
  timestamp: 1787309970289
- conda: https://conda.anaconda.org/conda-forge/linux-64/mujoco-simulate-3.12.0-h3b3f10f_0.conda
  sha256: 4e72dbfd14d655f6339db7855ee889fc0d5bfb0be7fe9032228f583006f9ddd6
  md5: 3b60af7895453a6a1c1be015c91e956d
  depends:
  - libmujoco ==3.12.0 h41d7495_0
  license: Apache-2.0
  license_family: APACHE
  size: 18242
  timestamp: 1787309970289
- conda: https://conda.anaconda.org/conda-forge/linux-64/ncurses-6.6-hdb14827_1.conda
  sha256: 5d46557214ed184381dafe835b7c94a474a1c3b307a08a250b1ea4779b44ffb3
  md5: ee6c0cd80a60961a1f48aa3e0b91f986
  depends:
  - __glibc >=2.17,<3.0.a0
  - libgcc >=14
  license: X11 AND BSD-3-Clause
  size: 911196
  timestamp: 1786355078102
- conda: https://conda.anaconda.org/conda-forge/linux-64/numpy-2.5.3-py312he827f4e_0.conda
  sha256: 5b0e4c7757a2df883c5615a8f64bc4c113c4cd303ae6caa3ada5d397d114ce2a
  md5: 5abf073f2cf066f2f3d28229b3cbe94d
  depends:
  - python
  - libstdcxx >=15
  - libgcc >=15
  - __glibc >=2.17,<3.0.a0
  - python_abi 3.12.* *_cp312
  - libblas >=3.9.0,<4.0a0
  - libcblas >=3.9.0,<4.0a0
  - liblapack >=3.9.0,<4.0a0
  constrains:
  - numpy-base <0a0
  license: BSD-3-Clause
  license_family: BSD
  size: 9230861
  timestamp: 1788731992112
- conda: https://conda.anaconda.org/conda-forge/linux-64/openssl-3.6.4-h781a0a9_0.conda
  sha256: 4747b2d6a8336f52343bceb8a1ebf41a9e6e665b9d2e3f989972de53a310599e
  md5: 16e3034a330cc625f2c685edec60cf4e
  depends:
  - __glibc >=2.17,<3.0.a0
  - ca-certificates
  - libgcc >=15
  license: Apache-2.0
  license_family: Apache
  size: 3202955
  timestamp: 1787698780103
- conda: https://conda.anaconda.org/conda-forge/linux-64/pthread-stubs-0.4-h7cc23a3_1004.conda
  sha256: 4a44fd00ea73b79ca2c89b0727b9ccf61c506ead71e67a9abfa4c590042b5a4a
  md5: bb66b610707b811e3c65181a6431e7a8
  depends:
  - __glibc >=2.17,<3.0.a0
  - libgcc >=15
  license: MIT
  license_family: MIT
  size: 9630
  timestamp: 1788381877753
- conda: https://conda.anaconda.org/conda-forge/linux-64/python-3.12.14-h5f976f7_3_cpython.conda
  build_number: 3
  sha256: 14c579b1016da04e4c9f1c5c857272d83ec447317d8c4074a07d59de3cef70ef
  md5: 98be3cf76eca2e8871f907a03aed3b84
  depends:
  - __glibc >=2.17,<3.0.a0
  - bzip2 >=1.0.8,<2.0a0
  - ld_impl_linux-64 >=2.36.1
  - libexpat >=2.8.1,<3.0a0
  - libffi >=3.7.0,<3.8.0a0
  - libgcc >=15
  - liblzma >=5.8.3,<6.0a0
  - libnsl >=2.0.1,<2.1.0a0
  - libpython 3.12.14 h0c77377_3_cpython
  - libsqlite >=3.53.4,<4.0a0
  - libuuid >=2.42.3,<3.0a0
  - libxcrypt >=4.4.38
  - libzlib >=1.3.2,<2.0a0
  - ncurses >=6.6,<7.0a0
  - openssl >=3.5.8,<4.0a0
  - readline >=8.3,<9.0a0
  - tk >=8.6.13,<8.7.0a0
  - tzdata
  constrains:
  - python_abi 3.12.* *_cp312
  license: Python-2.0
  size: 23044161
  timestamp: 1788392496306
- conda: https://conda.anaconda.org/conda-forge/linux-64/qhull-2020.2-h434a139_5.conda
  sha256: 776363493bad83308ba30bcb88c2552632581b143e8ee25b1982c8c743e73abc
  md5: 353823361b1d27eb3960efb076dfcaf6
  depends:
  - __glibc >=2.17,<3.0.a0
  - libgcc-ng >=12
  - libstdcxx-ng >=12
  license: LicenseRef-Qhull
  size: 552937
  timestamp: 1720813982144
- conda: https://conda.anaconda.org/conda-forge/linux-64/readline-8.3-hd6e31c0_1.conda
  sha256: 01b3fe073a66e321970d09e04b388708f8cbdca5cdfbfcb7c9eeb470ad10383d
  md5: 69c01c781e7c8190bbdaf79e3848c5ca
  depends:
  - __glibc >=2.17,<3.0.a0
  - libgcc >=15
  - ncurses >=6.6,<7.0a0
  license: GPL-3.0-only
  license_family: GPL
  size: 348899
  timestamp: 1787033801506
- conda: https://conda.anaconda.org/conda-forge/linux-64/tinyxml2-11.0.0-hee9eb32_1.conda
  sha256: 856be65b3a1f11cec5a6d183b38da6c6fa5bdfe85d166fc38515a90af9ae4179
  md5: 860bb6160ae0ac9b8b844f7382bd3313
  depends:
  - libstdcxx >=15
  - libgcc >=15
  - __glibc >=2.17,<3.0.a0
  license: Zlib
  size: 132572
  timestamp: 1789420786161
- conda: https://conda.anaconda.org/conda-forge/linux-64/tk-8.6.13-noxft_h1df4ec4_4.conda
  build_number: 104
  sha256: a1a241d172c1ccab067ba245206dd048bc3c2d1b84504b53c9468e99adfc16a1
  md5: 676a2f9b1c4fcf57b70aa5c65f6c60d0
  depends:
  - libgcc >=15
  - __glibc >=2.17,<3.0.a0
  - libzlib >=1.3.2,<2.0a0
  constrains:
  - xorg-libx11 >=1.8.13,<2.0a0
  license: TCL
  size: 3566806
  timestamp: 1787272857910
- conda: https://conda.anaconda.org/conda-forge/linux-64/wayland-1.26.0-hc1c935e_2.conda
  sha256: df65b987979e6d7f88e756494da5a230d4f2d08d17437d04eecd35559c3a04e4
  md5: 88a47e22b53e50865b1cabe2eb648352
  depends:
  - __glibc >=2.17,<3.0.a0
  - libexpat >=2.8.1,<3.0a0
  - libffi >=3.7.0,<3.8.0a0
  - libgcc >=15
  - libstdcxx >=15
  license: MIT
  license_family: MIT
  size: 340058
  timestamp: 1787793849093
- conda: https://conda.anaconda.org/conda-forge/linux-64/xkeyboard-config-2.48-h280c20c_0.conda
  sha256: 3b04afd5d1a65d2d27ac2d49a63b01ab8bcd875776779ec63e337370ed38afdc
  md5: b233b41be0bf210989d57160ed39b394
  depends:
  - libgcc >=14
  - __glibc >=2.17,<3.0.a0
  - xorg-libx11 >=1.8.13,<2.0a0
  license: MIT
  license_family: MIT
  size: 441670
  timestamp: 1782027360439
- conda: https://conda.anaconda.org/conda-forge/linux-64/xorg-libx11-1.8.13-he1eb515_1.conda
  sha256: 68053eebfa9f0d91666786c8fb5839d989aa9b869add92cb8815228bb2d7302c
  md5: 8c282bbe4808a3cc80a5c98e9aec1cfc
  depends:
  - __glibc >=2.17,<3.0.a0
  - libgcc >=14
  - libxcb >=1.17.0,<2.0a0
  license: MIT
  license_family: MIT
  size: 839578
  timestamp: 1787087012372
- conda: https://conda.anaconda.org/conda-forge/linux-64/xorg-libxau-1.0.12-h7cc23a3_2.conda
  sha256: 3ec065b94554dc48a4ca582a960a5484bc166b26e83ce0954653e08d17e8bd53
  md5: da33efee1a93603d92e06d4a2b68def6
  depends:
  - __glibc >=2.17,<3.0.a0
  - libgcc >=15
  license: MIT
  license_family: MIT
  size: 18793
  timestamp: 1788960512381
- conda: https://conda.anaconda.org/conda-forge/linux-64/xorg-libxcursor-1.2.3-hb9d3cd8_0.conda
  sha256: 832f538ade441b1eee863c8c91af9e69b356cd3e9e1350fff4fe36cc573fc91a
  md5: 2ccd714aa2242315acaf0a67faea780b
  depends:
  - __glibc >=2.17,<3.0.a0
  - libgcc >=13
  - xorg-libx11 >=1.8.10,<2.0a0
  - xorg-libxfixes >=6.0.1,<7.0a0
  - xorg-libxrender >=0.9.11,<0.10.0a0
  license: MIT
  license_family: MIT
  size: 32533
  timestamp: 1730908305254
- conda: https://conda.anaconda.org/conda-forge/linux-64/xorg-libxdmcp-1.1.5-h7cc23a3_2.conda
  sha256: 8a095df9bc1d2e50f2504ce8858a047ae29ea634aad6cc0b43298c63361da6d9
  md5: eabfc45786244de252090cf8d55128a8
  depends:
  - __glibc >=2.17,<3.0.a0
  - libgcc >=15
  license: MIT
  license_family: MIT
  size: 22606
  timestamp: 1789676943335
- conda: https://conda.anaconda.org/conda-forge/linux-64/xorg-libxext-1.3.7-h7cc23a3_1.conda
  sha256: aa9bbe8b278aacc194e280ff5037f9f9a1f2c5b33ed97de8e7f01cfbe90dda43
  md5: e5b6b28536b81b3f4cb20db4668a4642
  depends:
  - __glibc >=2.17,<3.0.a0
  - libgcc >=15
  - xorg-libx11 >=1.8.13,<2.0a0
  license: MIT
  license_family: MIT
  size: 53124
  timestamp: 1787100841900
- conda: https://conda.anaconda.org/conda-forge/linux-64/xorg-libxfixes-6.0.2-h7cc23a3_1.conda
  sha256: aec84f554fc897bf4085c7bc8b8f0740e4c224e13bca3cc51c93e7699d56f83a
  md5: 09132e874fe0e1f5e4492b0b6b904b6e
  depends:
  - __glibc >=2.17,<3.0.a0
  - libgcc >=15
  - xorg-libx11 >=1.8.13,<2.0a0
  license: MIT
  license_family: MIT
  size: 21440
  timestamp: 1787248059682
- conda: https://conda.anaconda.org/conda-forge/linux-64/xorg-libxi-1.8.3-h7cc23a3_1.conda
  sha256: a523d71344a2f640efe6fc42b88fc261d9cd389d4f9838a5d42dcdb120c2b0c8
  md5: a1412b2b1184dacda45f8476fef2cc25
  depends:
  - __glibc >=2.17,<3.0.a0
  - libgcc >=15
  - xorg-libx11 >=1.8.13,<2.0a0
  - xorg-libxext >=1.3.7,<2.0a0
  - xorg-libxfixes >=6.0.2,<7.0a0
  license: MIT
  license_family: MIT
  size: 49165
  timestamp: 1787257060460
- conda: https://conda.anaconda.org/conda-forge/linux-64/xorg-libxinerama-1.1.6-hecca717_0.conda
  sha256: 3a9da41aac6dca9d3ff1b53ee18b9d314de88add76bafad9ca2287a494abcd86
  md5: 93f5d4b5c17c8540479ad65f206fea51
  depends:
  - __glibc >=2.17,<3.0.a0
  - libgcc >=14
  - libstdcxx >=14
  - xorg-libx11 >=1.8.12,<2.0a0
  - xorg-libxext >=1.3.6,<2.0a0
  license: MIT
  license_family: MIT
  size: 14818
  timestamp: 1769432261050
- conda: https://conda.anaconda.org/conda-forge/linux-64/xorg-libxrandr-1.5.5-h7cc23a3_1.conda
  sha256: 05a7f25d7f7f5cd32b27a019233ece97167fd8ade255bc13a0e49e53387f4c30
  md5: 798a8c9d171859a022e1cb89e7d0eb10
  depends:
  - __glibc >=2.17,<3.0.a0
  - libgcc >=15
  - xorg-libx11 >=1.8.13,<2.0a0
  - xorg-libxext >=1.3.7,<2.0a0
  - xorg-libxrender >=0.9.12,<0.10.0a0
  license: MIT
  license_family: MIT
  size: 31106
  timestamp: 1787246614086
- conda: https://conda.anaconda.org/conda-forge/linux-64/xorg-libxrender-0.9.12-hb03c661_1.conda
  sha256: 6901f91d398811e4ec89d7e20a69abac02a7bfebfaf073338b7ea3d1a99685b7
  md5: e470d224a7a5be1b1d021bded7abb536
  depends:
  - __glibc >=2.17,<3.0.a0
  - libgcc >=14
  - xorg-libx11 >=1.8.13,<2.0a0
  license: MIT
  license_family: MIT
  size: 34645
  timestamp: 1787100191192
- conda: https://conda.anaconda.org/conda-forge/linux-64/xorg-xorgproto-2025.1-hebe6cf0_3.conda
  sha256: 8e9c7ca4fcfe9f0c300e4aa853b79c25411fc4e470decfe8f909b74f60dfb6dd
  md5: c3d0a6f03ba3aa312777b41b20a71ec0
  depends:
  - libgcc >=15
  - __glibc >=2.17,<3.0.a0
  license: MIT
  license_family: MIT
  size: 596340
  timestamp: 1788874111132
- conda: https://conda.anaconda.org/conda-forge/linux-64/zstd-1.5.7-hb78ec9c_7.conda
  sha256: 47d682b9f6d6ec9eb1a6e6c3e75ea6273e899e78fb7fc59f81d39745009fbc60
  md5: aa459086047c0e5e27023ab19f8cb86a
  depends:
  - __glibc >=2.17,<3.0.a0
  - libzlib >=1.3.2,<2.0a0
  license: BSD-3-Clause
  license_family: BSD
  size: 601301
  timestamp: 1786599621503
- conda: https://conda.anaconda.org/conda-forge/noarch/absl-py-2.5.0-pyhd8ed1ab_0.conda
  sha256: 8b1aaa574e152570aed4b85d916f88a8dd92b69bb9409bd7fb2efc27659be1e6
  md5: 1ec5202407b4006470f9a21c32c4b90c
  depends:
  - python >=3.10
  license: Apache-2.0
  license_family: Apache
  size: 115188
  timestamp: 1783083260530
- conda: https://conda.anaconda.org/conda-forge/noarch/ca-certificates-2026.7.22-hbd8a1cb_0.conda
  sha256: 0a0544cf95f64394fe4959286f5c71f5444ad58feb0602e53becb27448d24da6
  md5: 0f51e2391ade309db462a55611263e9c
  depends:
  - __unix
  license: ISC
  size: 131780
  timestamp: 1784754889428
- conda: https://conda.anaconda.org/conda-forge/noarch/etils-1.13.0-pyhd8ed1ab_0.conda
  sha256: f3d500a61d04a26d1df5d9b45cacd4ac6eba1c31741d19d7604e11953dbb9f8d
  md5: f9fa16b528ae31f70e11ab35116c3ab8
  depends:
  - python >=3.10
  license: Apache-2.0
  license_family: APACHE
  size: 794665
  timestamp: 1785007441185
- conda: https://conda.anaconda.org/conda-forge/noarch/fsspec-2026.7.0-pyhd8ed1ab_0.conda
  sha256: 3cd1c985695d8114bdba2a4a38c87e86d633fadd7cfe7a6733ebb3fe807fdc86
  md5: b9176565976c773a0739bd83deaf06cc
  depends:
  - python >=3.10
  license: BSD-3-Clause
  license_family: BSD
  size: 151868
  timestamp: 1785325238671
- conda: https://conda.anaconda.org/conda-forge/noarch/importlib_resources-7.1.0-pyhd8ed1ab_0.conda
  sha256: a563a51aa522998172838e867e6dedcf630bc45796e8612f5a1f6d73e9c8125a
  md5: 0ba6225c279baf7ea9473a62ea0ec9ae
  depends:
  - python >=3.10
  - zipp >=3.1.0
  constrains:
  - importlib-resources >=7.1.0,<7.1.1.0a0
  license: Apache-2.0
  license_family: APACHE
  size: 34809
  timestamp: 1776068839274
- conda: https://conda.anaconda.org/conda-forge/noarch/pybind11-abi-11-hc364b38_1.conda
  sha256: 9e7fe12f727acd2787fb5816b2049cef4604b7a00ad3e408c5e709c298ce8bf1
  md5: f0599959a2447c1e544e216bddf393fa
  license: BSD-3-Clause
  license_family: BSD
  size: 14671
  timestamp: 1752769938071
- conda: https://conda.anaconda.org/conda-forge/noarch/pyglfw-2.10.2-pyha770c72_0.conda
  sha256: c7e13e177ca4ae25567131c5b54798140b0990cc42b5597ff41f27a4d43f5f95
  md5: 5c876ba742d0198d2359b7ba44cafaae
  depends:
  - glfw
  - python >=3.10
  license: MIT
  license_family: MIT
  size: 36345
  timestamp: 1784661268436
- conda: https://conda.anaconda.org/conda-forge/noarch/pyopengl-3.1.10-pyha804496_2.conda
  sha256: 0775255f81e2c6b49948b3656796823758e64938a15543302857d99da0e3d737
  md5: cce156023226a62044a8112bebf3d5e1
  depends:
  - __linux
  - libopengl-devel
  - python >=3.10
  license: LicenseRef-pyopengl
  size: 1327162
  timestamp: 1756496351413
- conda: https://conda.anaconda.org/conda-forge/noarch/python_abi-3.12-9_cp312.conda
  build_number: 9
  sha256: ee9c2922e07afc85fc82d5fa82c9ac2c79da3be3283a5e17bf2f2ae38dbd02fb
  md5: 4c32076993e6270825441d059ab5c18b
  constrains:
  - python 3.12.* *_cpython
  license: BSD-3-Clause
  license_family: BSD
  size: 6751
  timestamp: 1788302823694
- conda: https://conda.anaconda.org/conda-forge/noarch/typing_extensions-4.16.0-pyhcf101f3_0.conda
  sha256: 2d888f90af0686044882c74193ec80a90ec1943145d94a7b1b048958acda1848
  md5: c70ad746c22219b9700931707482992c
  depends:
  - python >=3.10
  - python
  license: PSF-2.0
  license_family: PSF
  size: 52631
  timestamp: 1783002732887
- conda: https://conda.anaconda.org/conda-forge/noarch/tzdata-2026c-h151e31d_0.conda
  sha256: b928c30ddcb0e3f544c6eade8352737e6e610e263276b90232db6a578ef899d8
  md5: fcb489df604d100968b737f2cb6076c6
  license: LicenseRef-Public-Domain
  size: 118849
  timestamp: 1784250406640
- conda: https://conda.anaconda.org/conda-forge/noarch/zipp-4.1.0-pyhcf101f3_0.conda
  sha256: 210bd31c22bb88f5e2a167df24c95bb5f152b2ada7502f9b8c49d1f5366db423
  md5: ba3dcdc8584155c97c648ae9c044b7a3
  depends:
  - python >=3.10
  - python
  license: MIT
  license_family: MIT
  size: 24190
  timestamp: 1779159948016
